
Microsoft Visual Studio Solution File, Format Version 12.00
# Visual Studio Version 17
VisualStudioVersion = 17.1.32414.318
MinimumVisualStudioVersion = 10.0.40219.1
Project("{FAE04EC0-301F-11D3-BF4B-00C04F79EFBC}") = "ProcessSentinel", "ProcessSentinel\ProcessSentinel.csproj", "{4ECBDF45-0B5C-4F85-9A76-237174BA9CBF}"
EndProject
Project("{FAE04EC0-301F-11D3-BF4B-00C04F79EFBC}") = "ProcessSentinelTests", "ProcessSentinelTests\ProcessSentinelTests.csproj", "{831F7DC1-BB41-4D9C-B1DA-0FF4F163D831}"
EndProject
Global
	GlobalSection(SolutionConfigurationPlatforms) = preSolution
		Debug|Any CPU = Debug|Any CPU
		Release|Any CPU = Release|Any CPU
	EndGlobalSection
	GlobalSection(ProjectConfigurationPlatforms) = postSolution
		{4ECBDF45-0B5C-4F85-9A76-237174BA9CBF}.Debug|Any CPU.ActiveCfg = Debug|Any CPU
		{4ECBDF45-0B5C-4F85-9A76-237174BA9CBF}.Debug|Any CPU.Build.0 = Debug|Any CPU
		{4ECBDF45-0B5C-4F85-9A76-237174BA9CBF}.Release|Any CPU.ActiveCfg = Release|Any CPU
		{4ECBDF45-0B5C-4F85-9A76-237174BA9CBF}.Release|Any CPU.Build.0 = Release|Any CPU
		{831F7DC1-BB41-4D9C-B1DA-0FF4F163D831}.Debug|Any CPU.ActiveCfg = Debug|Any CPU
		{831F7DC1-BB41-4D9C-B1DA-0FF4F163D831}.Debug|Any CPU.Build.0 = Debug|Any CPU
		{831F7DC1-BB41-4D9C-B1DA-0FF4F163D831}.Release|Any CPU.ActiveCfg = Release|Any CPU
		{831F7DC1-BB41-4D9C-B1DA-0FF4F163D831}.Release|Any CPU.Build.0 = Release|Any CPU
	EndGlobalSection
	GlobalSection(SolutionProperties) = preSolution
		HideSolutionNode = FALSE
	EndGlobalSection
	GlobalSection(ExtensibilityGlobals) = postSolution
		SolutionGuid = {4FDA8997-FBD1-497B-82F1-A71AC9C1F9CE}
	EndGlobalSection
EndGlobal
